<?xml version="1.0" encoding="utf-8"?>
<Project ToolsVersion="4.0" xmlns="http://schemas.microsoft.com/developer/msbuild/2003">
  <ItemGroup>
    <ClCompile Include="CLCad.cpp">
      <Filter>.cpp</Filter>
    </ClCompile>
    <ClCompile Include="CLService.cpp">
      <Filter>.cpp</Filter>
    </ClCompile>
    <ClCompile Include="MyForm.cpp">
      <Filter>.cpp</Filter>
    </ClCompile>
    <ClCompile Include="CLMappageCommandes.cpp">
      <Filter>.cpp</Filter>
    </ClCompile>
    <ClCompile Include="CLMappageFactures.cpp">
      <Filter>.cpp</Filter>
    </ClCompile>
    <ClCompile Include="CLMappageArticle.cpp">
      <Filter>.cpp</Filter>
    </ClCompile>
    <ClCompile Include="CLMappagePaiement.cpp">
      <Filter>.cpp</Filter>
    </ClCompile>
  </ItemGroup>
  <ItemGroup>
    <ClInclude Include="MyForm.h" />
    <ClInclude Include="CLCad.h">
      <Filter>.h</Filter>
    </ClInclude>
    <ClInclude Include="CLService.h">
      <Filter>.h</Filter>
    </ClInclude>
    <ClInclude Include="CLMappageCommandes.h">
      <Filter>.h</Filter>
    </ClInclude>
    <ClInclude Include="CLMappageFactures.h">
      <Filter>.h</Filter>
    </ClInclude>
    <ClInclude Include="CLMappageArticle.h">
      <Filter>.h</Filter>
    </ClInclude>
    <ClInclude Include="CLMappagePaiement.h">
      <Filter>.h</Filter>
    </ClInclude>
  </ItemGroup>
  <ItemGroup>
    <Filter Include=".cpp">
      <UniqueIdentifier>{5bd4df05-f49a-46f8-aab2-64201a9c3e9d}</UniqueIdentifier>
    </Filter>
    <Filter Include=".h">
      <UniqueIdentifier>{d58ee11e-9227-4b5d-9e11-8f4b50116df8}</UniqueIdentifier>
    </Filter>
  </ItemGroup>
</Project>